
Microsoft Visual Studio Solution File, Format Version 12.00
# Visual Studio 14
VisualStudioVersion = 14.0.25420.1
MinimumVisualStudioVersion = 10.0.40219.1
Project("{FAE04EC0-301F-11D3-BF4B-00C04F79EFBC}") = "WinServiceHosting", "WinServiceHosting\WinServiceHosting.csproj", "{29BF7E8E-C8CE-4C23-B67D-F68A49AF5FEB}"
EndProject
Project("{FAE04EC0-301F-11D3-BF4B-00C04F79EFBC}") = "WCFServiceMgr", "WCFServiceMgr\WCFServiceMgr.csproj", "{A65A5E51-5CFF-4589-A524-B7123BCA9732}"
EndProject
Global
	GlobalSection(SolutionConfigurationPlatforms) = preSolution
		Debug|Any CPU = Debug|Any CPU
		Release|Any CPU = Release|Any CPU
	EndGlobalSection
	GlobalSection(ProjectConfigurationPlatforms) = postSolution
		{29BF7E8E-C8CE-4C23-B67D-F68A49AF5FEB}.Debug|Any CPU.ActiveCfg = Debug|Any CPU
		{29BF7E8E-C8CE-4C23-B67D-F68A49AF5FEB}.Debug|Any CPU.Build.0 = Debug|Any CPU
		{29BF7E8E-C8CE-4C23-B67D-F68A49AF5FEB}.Release|Any CPU.ActiveCfg = Release|Any CPU
		{29BF7E8E-C8CE-4C23-B67D-F68A49AF5FEB}.Release|Any CPU.Build.0 = Release|Any CPU
		{A65A5E51-5CFF-4589-A524-B7123BCA9732}.Debug|Any CPU.ActiveCfg = Debug|Any CPU
		{A65A5E51-5CFF-4589-A524-B7123BCA9732}.Debug|Any CPU.Build.0 = Debug|Any CPU
		{A65A5E51-5CFF-4589-A524-B7123BCA9732}.Release|Any CPU.ActiveCfg = Release|Any CPU
		{A65A5E51-5CFF-4589-A524-B7123BCA9732}.Release|Any CPU.Build.0 = Release|Any CPU
	EndGlobalSection
	GlobalSection(SolutionProperties) = preSolution
		HideSolutionNode = FALSE
	EndGlobalSection
EndGlobal
